{
    "name": "cubesat-obc-emulator",
    "version": "1.0.0",
    "lockfileVersion": 3,
    "requires": true,
    "packages": {
        "": {
            "name": "cubesat-obc-emulator",
            "version": "1.0.0",
            "dependencies": {
                "rp2040js": "^1.3.0"
            }
        },
        "node_modules/rp2040js": {
            "version": "1.3.0",
            "resolved": "https://registry.npmjs.org/rp2040js/-/rp2040js-1.3.0.tgz",
            "integrity": "sha512-Zv31PenIlQMehmOZTKjCl4DO8/eM5KVQEVZo5/QCx6P3IxIzoAsMwVcUQjS2hDLFXjGHYndgNGadJXfWU3Uqvg==",
            "license": "MIT",
            "engines": {
                "node": ">=18.0.0"
            }
        }
    }
}
